
Microsoft Visual Studio Solution File, Format Version 12.00
# Visual Studio Version 17
VisualStudioVersion = 17.11.35312.102
MinimumVisualStudioVersion = 10.0.40219.1
Project("{FAE04EC0-301F-11D3-BF4B-00C04F79EFBC}") = "UserAPI", "UserAPI\UserAPI.csproj", "{5B8F4674-E690-4A4D-8304-41E925C6DFAC}"
EndProject
Global
	GlobalSection(SolutionConfigurationPlatforms) = preSolution
		Debug|Any CPU = Debug|Any CPU
		Release|Any CPU = Release|Any CPU
	EndGlobalSection
	GlobalSection(ProjectConfigurationPlatforms) = postSolution
		{5B8F4674-E690-4A4D-8304-41E925C6DFAC}.Debug|Any CPU.ActiveCfg = Debug|Any CPU
		{5B8F4674-E690-4A4D-8304-41E925C6DFAC}.Debug|Any CPU.Build.0 = Debug|Any CPU
		{5B8F4674-E690-4A4D-8304-41E925C6DFAC}.Release|Any CPU.ActiveCfg = Release|Any CPU
		{5B8F4674-E690-4A4D-8304-41E925C6DFAC}.Release|Any CPU.Build.0 = Release|Any CPU
	EndGlobalSection
	GlobalSection(SolutionProperties) = preSolution
		HideSolutionNode = FALSE
	EndGlobalSection
	GlobalSection(ExtensibilityGlobals) = postSolution
		SolutionGuid = {EE7B9BA8-E324-4400-94F3-A8FEEB31D3BD}
	EndGlobalSection
EndGlobal
